// !$*UTF8*$!
{
	archiveVersion = 1;
	classes = {
	};
	objectVersion = 77;
	objects = {

/* Begin PBXBuildFile section */
		036292CF2DC565410079ADF7 /* StatsPreviewWrapper.swift in Sources */ = {isa = PBXBuildFile; fileRef = 036292CE2DC565410079ADF7 /* StatsPreviewWrapper.swift */; };
		03C45DFB2DC4AD7300CFE931 /* Habit.swift in Sources */ = {isa = PBXBuildFile; fileRef = 03C45DE52DC4AD7300CFE931 /* Habit.swift */; };
		03C45DFC2DC4AD7300CFE931 /* HabitCompletion.swift in Sources */ = {isa = PBXBuildFile; fileRef = 03C45DE62DC4AD7300CFE931 /* HabitCompletion.swift */; };
		03C45DFD2DC4AD7300CFE931 /* StreakPoints.swift in Sources */ = {isa = PBXBuildFile; fileRef = 03C45DE72DC4AD7300CFE931 /* StreakPoints.swift */; };
		03C45DFE2DC4AD7300CFE931 /* PreviewDataProvider.swift in Sources */ = {isa = PBXBuildFile; fileRef = 03C45DE92DC4AD7300CFE931 /* PreviewDataProvider.swift */; };
		03C45DFF2DC4AD7300CFE931 /* PreviewWrapper.swift in Sources */ = {isa = PBXBuildFile; fileRef = 03C45DEA2DC4AD7300CFE931 /* PreviewWrapper.swift */; };
		03C45E002DC4AD7300CFE931 /* TimeManager.swift in Sources */ = {isa = PBXBuildFile; fileRef = 03C45DEC2DC4AD7300CFE931 /* TimeManager.swift */; };
		03C45E012DC4AD7300CFE931 /* HabitListViewModel.swift in Sources */ = {isa = PBXBuildFile; fileRef = 03C45DEE2DC4AD7300CFE931 /* HabitListViewModel.swift */; };
		03C45E022DC4AD7300CFE931 /* HabitStatsViewModel.swift in Sources */ = {isa = PBXBuildFile; fileRef = 03C45DEF2DC4AD7300CFE931 /* HabitStatsViewModel.swift */; };
		03C45E032DC4AD7300CFE931 /* EmptyHabitView.swift in Sources */ = {isa = PBXBuildFile; fileRef = 03C45DF12DC4AD7300CFE931 /* EmptyHabitView.swift */; };
		03C45E042DC4AD7300CFE931 /* HabitRowView.swift in Sources */ = {isa = PBXBuildFile; fileRef = 03C45DF32DC4AD7300CFE931 /* HabitRowView.swift */; };
		03C45E052DC4AD7300CFE931 /* AddHabitView.swift in Sources */ = {isa = PBXBuildFile; fileRef = 03C45DF52DC4AD7300CFE931 /* AddHabitView.swift */; };
		03C45E062DC4AD7300CFE931 /* EditHabitView.swift in Sources */ = {isa = PBXBuildFile; fileRef = 03C45DF62DC4AD7300CFE931 /* EditHabitView.swift */; };
		03C45E072DC4AD7300CFE931 /* HabitListView.swift in Sources */ = {isa = PBXBuildFile; fileRef = 03C45DF72DC4AD7300CFE931 /* HabitListView.swift */; };
		03C45E082DC4AD7300CFE931 /* HabitTrackerApp.swift in Sources */ = {isa = PBXBuildFile; fileRef = 03C45DF92DC4AD7300CFE931 /* HabitTrackerApp.swift */; };
		03C45E092DC4AD7300CFE931 /* Assets.xcassets in Resources */ = {isa = PBXBuildFile; fileRef = 03C45DE32DC4AD7300CFE931 /* Assets.xcassets */; };
		03C45E0C2DC4AD8B00CFE931 /* StatsView.swift in Sources */ = {isa = PBXBuildFile; fileRef = 03C45E0B2DC4AD8B00CFE931 /* StatsView.swift */; };
		03C45E0F2DC4B06E00CFE931 /* SleepDataPoint.swift in Sources */ = {isa = PBXBuildFile; fileRef = 03C45E0E2DC4B06E00CFE931 /* SleepDataPoint.swift */; };
		03C45E112DC4B32900CFE931 /* DemoStatsView.swift in Sources */ = {isa = PBXBuildFile; fileRef = 03C45E102DC4B32900CFE931 /* DemoStatsView.swift */; };
/* End PBXBuildFile section */

/* Begin PBXFileReference section */
		036292CD2DC4F5A70079ADF7 /* Time.playground */ = {isa = PBXFileReference; lastKnownFileType = file.playground; path = Time.playground; sourceTree = "<group>"; xcLanguageSpecificationIdentifier = xcode.lang.swift; };
		036292CE2DC565410079ADF7 /* StatsPreviewWrapper.swift */ = {isa = PBXFileReference; lastKnownFileType = sourcecode.swift; path = StatsPreviewWrapper.swift; sourceTree = "<group>"; };
		03A222FF2DC0046E006C6D01 /* HabitTracker.app */ = {isa = PBXFileReference; explicitFileType = wrapper.application; includeInIndex = 0; path = HabitTracker.app; sourceTree = BUILT_PRODUCTS_DIR; };
		03C45DE32DC4AD7300CFE931 /* Assets.xcassets */ = {isa = PBXFileReference; lastKnownFileType = folder.assetcatalog; path = Assets.xcassets; sourceTree = "<group>"; };
		03C45DE52DC4AD7300CFE931 /* Habit.swift */ = {isa = PBXFileReference; lastKnownFileType = sourcecode.swift; path = Habit.swift; sourceTree = "<group>"; };
		03C45DE62DC4AD7300CFE931 /* HabitCompletion.swift */ = {isa = PBXFileReference; lastKnownFileType = sourcecode.swift; path = HabitCompletion.swift; sourceTree = "<group>"; };
		03C45DE72DC4AD7300CFE931 /* StreakPoints.swift */ = {isa = PBXFileReference; lastKnownFileType = sourcecode.swift; path = StreakPoints.swift; sourceTree = "<group>"; };
		03C45DE92DC4AD7300CFE931 /* PreviewDataProvider.swift */ = {isa = PBXFileReference; lastKnownFileType = sourcecode.swift; path = PreviewDataProvider.swift; sourceTree = "<group>"; };
		03C45DEA2DC4AD7300CFE931 /* PreviewWrapper.swift */ = {isa = PBXFileReference; lastKnownFileType = sourcecode.swift; path = PreviewWrapper.swift; sourceTree = "<group>"; };
		03C45DEC2DC4AD7300CFE931 /* TimeManager.swift */ = {isa = PBXFileReference; lastKnownFileType = sourcecode.swift; path = TimeManager.swift; sourceTree = "<group>"; };
		03C45DEE2DC4AD7300CFE931 /* HabitListViewModel.swift */ = {isa = PBXFileReference; lastKnownFileType = sourcecode.swift; path = HabitListViewModel.swift; sourceTree = "<group>"; };
		03C45DEF2DC4AD7300CFE931 /* HabitStatsViewModel.swift */ = {isa = PBXFileReference; lastKnownFileType = sourcecode.swift; path = HabitStatsViewModel.swift; sourceTree = "<group>"; };
		03C45DF12DC4AD7300CFE931 /* EmptyHabitView.swift */ = {isa = PBXFileReference; lastKnownFileType = sourcecode.swift; path = EmptyHabitView.swift; sourceTree = "<group>"; };
		03C45DF32DC4AD7300CFE931 /* HabitRowView.swift */ = {isa = PBXFileReference; lastKnownFileType = sourcecode.swift; path = HabitRowView.swift; sourceTree = "<group>"; };
		03C45DF52DC4AD7300CFE931 /* AddHabitView.swift */ = {isa = PBXFileReference; lastKnownFileType = sourcecode.swift; path = AddHabitView.swift; sourceTree = "<group>"; };
		03C45DF62DC4AD7300CFE931 /* EditHabitView.swift */ = {isa = PBXFileReference; lastKnownFileType = sourcecode.swift; path = EditHabitView.swift; sourceTree = "<group>"; };
		03C45DF72DC4AD7300CFE931 /* HabitListView.swift */ = {isa = PBXFileReference; lastKnownFileType = sourcecode.swift; path = HabitListView.swift; sourceTree = "<group>"; };
		03C45DF92DC4AD7300CFE931 /* HabitTrackerApp.swift */ = {isa = PBXFileReference; lastKnownFileType = sourcecode.swift; path = HabitTrackerApp.swift; sourceTree = "<group>"; };
		03C45E0B2DC4AD8B00CFE931 /* StatsView.swift */ = {isa = PBXFileReference; lastKnownFileType = sourcecode.swift; path = StatsView.swift; sourceTree = "<group>"; };
		03C45E0E2DC4B06E00CFE931 /* SleepDataPoint.swift */ = {isa = PBXFileReference; lastKnownFileType = sourcecode.swift; path = SleepDataPoint.swift; sourceTree = "<group>"; };
		03C45E102DC4B32900CFE931 /* DemoStatsView.swift */ = {isa = PBXFileReference; lastKnownFileType = sourcecode.swift; path = DemoStatsView.swift; sourceTree = "<group>"; };
/* End PBXFileReference section */

/* Begin PBXFrameworksBuildPhase section */
		03A222FC2DC0046E006C6D01 /* Frameworks */ = {
			isa = PBXFrameworksBuildPhase;
			buildActionMask = 2147483647;
			files = (
			);
			runOnlyForDeploymentPostprocessing = 0;
		};
/* End PBXFrameworksBuildPhase section */

/* Begin PBXGroup section */
		03A222F62DC0046E006C6D01 = {
			isa = PBXGroup;
			children = (
				03C45DFA2DC4AD7300CFE931 /* HabitTracker */,
				03A223002DC0046E006C6D01 /* Products */,
			);
			sourceTree = "<group>";
		};
		03A223002DC0046E006C6D01 /* Products */ = {
			isa = PBXGroup;
			children = (
				03A222FF2DC0046E006C6D01 /* HabitTracker.app */,
			);
			name = Products;
			sourceTree = "<group>";
		};
		03C45DE42DC4AD7300CFE931 /* Assets */ = {
			isa = PBXGroup;
			children = (
				03C45DE32DC4AD7300CFE931 /* Assets.xcassets */,
			);
			path = Assets;
			sourceTree = "<group>";
		};
		03C45DE82DC4AD7300CFE931 /* Models */ = {
			isa = PBXGroup;
			children = (
				03C45E0D2DC4B05100CFE931 /* Charts */,
				03C45DE52DC4AD7300CFE931 /* Habit.swift */,
				03C45DE62DC4AD7300CFE931 /* HabitCompletion.swift */,
			);
			path = Models;
			sourceTree = "<group>";
		};
		03C45DEB2DC4AD7300CFE931 /* PreviewData */ = {
			isa = PBXGroup;
			children = (
				03C45DE92DC4AD7300CFE931 /* PreviewDataProvider.swift */,
				03C45DEA2DC4AD7300CFE931 /* PreviewWrapper.swift */,
				036292CE2DC565410079ADF7 /* StatsPreviewWrapper.swift */,
			);
			path = PreviewData;
			sourceTree = "<group>";
		};
		03C45DED2DC4AD7300CFE931 /* Utilities */ = {
			isa = PBXGroup;
			children = (
				03C45DEC2DC4AD7300CFE931 /* TimeManager.swift */,
				036292CD2DC4F5A70079ADF7 /* Time.playground */,
			);
			path = Utilities;
			sourceTree = "<group>";
		};
		03C45DF02DC4AD7300CFE931 /* ViewModels */ = {
			isa = PBXGroup;
			children = (
				03C45DEE2DC4AD7300CFE931 /* HabitListViewModel.swift */,
				03C45DEF2DC4AD7300CFE931 /* HabitStatsViewModel.swift */,
			);
			path = ViewModels;
			sourceTree = "<group>";
		};
		03C45DF22DC4AD7300CFE931 /* EmptyViews */ = {
			isa = PBXGroup;
			children = (
				03C45DF12DC4AD7300CFE931 /* EmptyHabitView.swift */,
			);
			path = EmptyViews;
			sourceTree = "<group>";
		};
		03C45DF42DC4AD7300CFE931 /* Rows */ = {
			isa = PBXGroup;
			children = (
				03C45DF32DC4AD7300CFE931 /* HabitRowView.swift */,
			);
			path = Rows;
			sourceTree = "<group>";
		};
		03C45DF82DC4AD7300CFE931 /* Views */ = {
			isa = PBXGroup;
			children = (
				03C45E0A2DC4AD7800CFE931 /* StatsViews */,
				03C45DF22DC4AD7300CFE931 /* EmptyViews */,
				03C45DF42DC4AD7300CFE931 /* Rows */,
				03C45DF52DC4AD7300CFE931 /* AddHabitView.swift */,
				03C45DF62DC4AD7300CFE931 /* EditHabitView.swift */,
				03C45DF72DC4AD7300CFE931 /* HabitListView.swift */,
			);
			path = Views;
			sourceTree = "<group>";
		};
		03C45DFA2DC4AD7300CFE931 /* HabitTracker */ = {
			isa = PBXGroup;
			children = (
				03C45DE42DC4AD7300CFE931 /* Assets */,
				03C45DE82DC4AD7300CFE931 /* Models */,
				03C45DEB2DC4AD7300CFE931 /* PreviewData */,
				03C45DED2DC4AD7300CFE931 /* Utilities */,
				03C45DF02DC4AD7300CFE931 /* ViewModels */,
				03C45DF82DC4AD7300CFE931 /* Views */,
				03C45DF92DC4AD7300CFE931 /* HabitTrackerApp.swift */,
			);
			path = HabitTracker;
			sourceTree = "<group>";
		};
		03C45E0A2DC4AD7800CFE931 /* StatsViews */ = {
			isa = PBXGroup;
			children = (
				03C45E0B2DC4AD8B00CFE931 /* StatsView.swift */,
				03C45E102DC4B32900CFE931 /* DemoStatsView.swift */,
			);
			path = StatsViews;
			sourceTree = "<group>";
		};
		03C45E0D2DC4B05100CFE931 /* Charts */ = {
			isa = PBXGroup;
			children = (
				03C45DE72DC4AD7300CFE931 /* StreakPoints.swift */,
				03C45E0E2DC4B06E00CFE931 /* SleepDataPoint.swift */,
			);
			path = Charts;
			sourceTree = "<group>";
		};
/* End PBXGroup section */

/* Begin PBXNativeTarget section */
		03A222FE2DC0046E006C6D01 /* HabitTracker */ = {
			isa = PBXNativeTarget;
			buildConfigurationList = 03A2230A2DC0046F006C6D01 /* Build configuration list for PBXNativeTarget "HabitTracker" */;
			buildPhases = (
				03A222FB2DC0046E006C6D01 /* Sources */,
				03A222FC2DC0046E006C6D01 /* Frameworks */,
				03A222FD2DC0046E006C6D01 /* Resources */,
			);
			buildRules = (
			);
			dependencies = (
			);
			name = HabitTracker;
			packageProductDependencies = (
			);
			productName = HabitTracker;
			productReference = 03A222FF2DC0046E006C6D01 /* HabitTracker.app */;
			productType = "com.apple.product-type.application";
		};
/* End PBXNativeTarget section */

/* Begin PBXProject section */
		03A222F72DC0046E006C6D01 /* Project object */ = {
			isa = PBXProject;
			attributes = {
				BuildIndependentTargetsInParallel = 1;
				LastSwiftUpdateCheck = 1630;
				LastUpgradeCheck = 1630;
				TargetAttributes = {
					03A222FE2DC0046E006C6D01 = {
						CreatedOnToolsVersion = 16.3;
					};
				};
			};
			buildConfigurationList = 03A222FA2DC0046E006C6D01 /* Build configuration list for PBXProject "HabitTracker" */;
			developmentRegion = en;
			hasScannedForEncodings = 0;
			knownRegions = (
				en,
				Base,
			);
			mainGroup = 03A222F62DC0046E006C6D01;
			minimizedProjectReferenceProxies = 1;
			preferredProjectObjectVersion = 77;
			productRefGroup = 03A223002DC0046E006C6D01 /* Products */;
			projectDirPath = "";
			projectRoot = "";
			targets = (
				03A222FE2DC0046E006C6D01 /* HabitTracker */,
			);
		};
/* End PBXProject section */

/* Begin PBXResourcesBuildPhase section */
		03A222FD2DC0046E006C6D01 /* Resources */ = {
			isa = PBXResourcesBuildPhase;
			buildActionMask = 2147483647;
			files = (
				03C45E092DC4AD7300CFE931 /* Assets.xcassets in Resources */,
			);
			runOnlyForDeploymentPostprocessing = 0;
		};
/* End PBXResourcesBuildPhase section */

/* Begin PBXSourcesBuildPhase section */
		03A222FB2DC0046E006C6D01 /* Sources */ = {
			isa = PBXSourcesBuildPhase;
			buildActionMask = 2147483647;
			files = (
				03C45DFB2DC4AD7300CFE931 /* Habit.swift in Sources */,
				03C45DFC2DC4AD7300CFE931 /* HabitCompletion.swift in Sources */,
				03C45DFD2DC4AD7300CFE931 /* StreakPoints.swift in Sources */,
				03C45DFE2DC4AD7300CFE931 /* PreviewDataProvider.swift in Sources */,
				036292CF2DC565410079ADF7 /* StatsPreviewWrapper.swift in Sources */,
				03C45DFF2DC4AD7300CFE931 /* PreviewWrapper.swift in Sources */,
				03C45E112DC4B32900CFE931 /* DemoStatsView.swift in Sources */,
				03C45E002DC4AD7300CFE931 /* TimeManager.swift in Sources */,
				03C45E012DC4AD7300CFE931 /* HabitListViewModel.swift in Sources */,
				03C45E022DC4AD7300CFE931 /* HabitStatsViewModel.swift in Sources */,
				03C45E032DC4AD7300CFE931 /* EmptyHabitView.swift in Sources */,
				03C45E042DC4AD7300CFE931 /* HabitRowView.swift in Sources */,
				03C45E052DC4AD7300CFE931 /* AddHabitView.swift in Sources */,
				03C45E0C2DC4AD8B00CFE931 /* StatsView.swift in Sources */,
				03C45E0F2DC4B06E00CFE931 /* SleepDataPoint.swift in Sources */,
				03C45E062DC4AD7300CFE931 /* EditHabitView.swift in Sources */,
				03C45E072DC4AD7300CFE931 /* HabitListView.swift in Sources */,
				03C45E082DC4AD7300CFE931 /* HabitTrackerApp.swift in Sources */,
			);
			runOnlyForDeploymentPostprocessing = 0;
		};
/* End PBXSourcesBuildPhase section */

/* Begin XCBuildConfiguration section */
		03A223082DC0046F006C6D01 /* Debug */ = {
			isa = XCBuildConfiguration;
			buildSettings = {
				ALWAYS_SEARCH_USER_PATHS = NO;
				ASSETCATALOG_COMPILER_GENERATE_SWIFT_ASSET_SYMBOL_EXTENSIONS = YES;
				CLANG_ANALYZER_NONNULL = YES;
				CLANG_ANALYZER_NUMBER_OBJECT_CONVERSION = YES_AGGRESSIVE;
				CLANG_CXX_LANGUAGE_STANDARD = "gnu++20";
				CLANG_ENABLE_MODULES = YES;
				CLANG_ENABLE_OBJC_ARC = YES;
				CLANG_ENABLE_OBJC_WEAK = YES;
				CLANG_WARN_BLOCK_CAPTURE_AUTORELEASING = YES;
				CLANG_WARN_BOOL_CONVERSION = YES;
				CLANG_WARN_COMMA = YES;
				CLANG_WARN_CONSTANT_CONVERSION = YES;
				CLANG_WARN_DEPRECATED_OBJC_IMPLEMENTATIONS = YES;
				CLANG_WARN_DIRECT_OBJC_ISA_USAGE = YES_ERROR;
				CLANG_WARN_DOCUMENTATION_COMMENTS = YES;
				CLANG_WARN_EMPTY_BODY = YES;
				CLANG_WARN_ENUM_CONVERSION = YES;
				CLANG_WARN_INFINITE_RECURSION = YES;
				CLANG_WARN_INT_CONVERSION = YES;
				CLANG_WARN_NON_LITERAL_NULL_CONVERSION = YES;
				CLANG_WARN_OBJC_IMPLICIT_RETAIN_SELF = YES;
				CLANG_WARN_OBJC_LITERAL_CONVERSION = YES;
				CLANG_WARN_OBJC_ROOT_CLASS = YES_ERROR;
				CLANG_WARN_QUOTED_INCLUDE_IN_FRAMEWORK_HEADER = YES;
				CLANG_WARN_RANGE_LOOP_ANALYSIS = YES;
				CLANG_WARN_STRICT_PROTOTYPES = YES;
				CLANG_WARN_SUSPICIOUS_MOVE = YES;
				CLANG_WARN_UNGUARDED_AVAILABILITY = YES_AGGRESSIVE;
				CLANG_WARN_UNREACHABLE_CODE = YES;
				CLANG_WARN__DUPLICATE_METHOD_MATCH = YES;
				COPY_PHASE_STRIP = NO;
				DEBUG_INFORMATION_FORMAT = dwarf;
				DEVELOPMENT_TEAM = N693GNQH6J;
				ENABLE_STRICT_OBJC_MSGSEND = YES;
				ENABLE_TESTABILITY = YES;
				ENABLE_USER_SCRIPT_SANDBOXING = YES;
				GCC_C_LANGUAGE_STANDARD = gnu17;
				GCC_DYNAMIC_NO_PIC = NO;
				GCC_NO_COMMON_BLOCKS = YES;
				GCC_OPTIMIZATION_LEVEL = 0;
				GCC_PREPROCESSOR_DEFINITIONS = (
					"DEBUG=1",
					"$(inherited)",
				);
				GCC_WARN_64_TO_32_BIT_CONVERSION = YES;
				GCC_WARN_ABOUT_RETURN_TYPE = YES_ERROR;
				GCC_WARN_UNDECLARED_SELECTOR = YES;
				GCC_WARN_UNINITIALIZED_AUTOS = YES_AGGRESSIVE;
				GCC_WARN_UNUSED_FUNCTION = YES;
				GCC_WARN_UNUSED_VARIABLE = YES;
				IPHONEOS_DEPLOYMENT_TARGET = 18.4;
				LOCALIZATION_PREFERS_STRING_CATALOGS = YES;
				MTL_ENABLE_DEBUG_INFO = INCLUDE_SOURCE;
				MTL_FAST_MATH = YES;
				ONLY_ACTIVE_ARCH = YES;
				SDKROOT = iphoneos;
				SWIFT_ACTIVE_COMPILATION_CONDITIONS = "DEBUG $(inherited)";
				SWIFT_OPTIMIZATION_LEVEL = "-Onone";
			};
			name = Debug;
		};
		03A223092DC0046F006C6D01 /* Release */ = {
			isa = XCBuildConfiguration;
			buildSettings = {
				ALWAYS_SEARCH_USER_PATHS = NO;
				ASSETCATALOG_COMPILER_GENERATE_SWIFT_ASSET_SYMBOL_EXTENSIONS = YES;
				CLANG_ANALYZER_NONNULL = YES;
				CLANG_ANALYZER_NUMBER_OBJECT_CONVERSION = YES_AGGRESSIVE;
				CLANG_CXX_LANGUAGE_STANDARD = "gnu++20";
				CLANG_ENABLE_MODULES = YES;
				CLANG_ENABLE_OBJC_ARC = YES;
				CLANG_ENABLE_OBJC_WEAK = YES;
				CLANG_WARN_BLOCK_CAPTURE_AUTORELEASING = YES;
				CLANG_WARN_BOOL_CONVERSION = YES;
				CLANG_WARN_COMMA = YES;
				CLANG_WARN_CONSTANT_CONVERSION = YES;
				CLANG_WARN_DEPRECATED_OBJC_IMPLEMENTATIONS = YES;
				CLANG_WARN_DIRECT_OBJC_ISA_USAGE = YES_ERROR;
				CLANG_WARN_DOCUMENTATION_COMMENTS = YES;
				CLANG_WARN_EMPTY_BODY = YES;
				CLANG_WARN_ENUM_CONVERSION = YES;
				CLANG_WARN_INFINITE_RECURSION = YES;
				CLANG_WARN_INT_CONVERSION = YES;
				CLANG_WARN_NON_LITERAL_NULL_CONVERSION = YES;
				CLANG_WARN_OBJC_IMPLICIT_RETAIN_SELF = YES;
				CLANG_WARN_OBJC_LITERAL_CONVERSION = YES;
				CLANG_WARN_OBJC_ROOT_CLASS = YES_ERROR;
				CLANG_WARN_QUOTED_INCLUDE_IN_FRAMEWORK_HEADER = YES;
				CLANG_WARN_RANGE_LOOP_ANALYSIS = YES;
				CLANG_WARN_STRICT_PROTOTYPES = YES;
				CLANG_WARN_SUSPICIOUS_MOVE = YES;
				CLANG_WARN_UNGUARDED_AVAILABILITY = YES_AGGRESSIVE;
				CLANG_WARN_UNREACHABLE_CODE = YES;
				CLANG_WARN__DUPLICATE_METHOD_MATCH = YES;
				COPY_PHASE_STRIP = NO;
				DEBUG_INFORMATION_FORMAT = "dwarf-with-dsym";
				DEVELOPMENT_TEAM = N693GNQH6J;
				ENABLE_NS_ASSERTIONS = NO;
				ENABLE_STRICT_OBJC_MSGSEND = YES;
				ENABLE_USER_SCRIPT_SANDBOXING = YES;
				GCC_C_LANGUAGE_STANDARD = gnu17;
				GCC_NO_COMMON_BLOCKS = YES;
				GCC_WARN_64_TO_32_BIT_CONVERSION = YES;
				GCC_WARN_ABOUT_RETURN_TYPE = YES_ERROR;
				GCC_WARN_UNDECLARED_SELECTOR = YES;
				GCC_WARN_UNINITIALIZED_AUTOS = YES_AGGRESSIVE;
				GCC_WARN_UNUSED_FUNCTION = YES;
				GCC_WARN_UNUSED_VARIABLE = YES;
				IPHONEOS_DEPLOYMENT_TARGET = 18.4;
				LOCALIZATION_PREFERS_STRING_CATALOGS = YES;
				MTL_ENABLE_DEBUG_INFO = NO;
				MTL_FAST_MATH = YES;
				SDKROOT = iphoneos;
				SWIFT_COMPILATION_MODE = wholemodule;
				VALIDATE_PRODUCT = YES;
			};
			name = Release;
		};
		03A2230B2DC0046F006C6D01 /* Debug */ = {
			isa = XCBuildConfiguration;
			buildSettings = {
				ASSETCATALOG_COMPILER_APPICON_NAME = AppIcon;
				ASSETCATALOG_COMPILER_GLOBAL_ACCENT_COLOR_NAME = AccentColor;
				CODE_SIGN_STYLE = Automatic;
				CURRENT_PROJECT_VERSION = 1;
				DEVELOPMENT_TEAM = N693GNQH6J;
				ENABLE_PREVIEWS = YES;
				GENERATE_INFOPLIST_FILE = YES;
				INFOPLIST_KEY_UIApplicationSceneManifest_Generation = YES;
				INFOPLIST_KEY_UIApplicationSupportsIndirectInputEvents = YES;
				INFOPLIST_KEY_UILaunchScreen_Generation = YES;
				INFOPLIST_KEY_UISupportedInterfaceOrientations_iPad = "UIInterfaceOrientationPortrait UIInterfaceOrientationPortraitUpsideDown UIInterfaceOrientationLandscapeLeft UIInterfaceOrientationLandscapeRight";
				INFOPLIST_KEY_UISupportedInterfaceOrientations_iPhone = "UIInterfaceOrientationPortrait UIInterfaceOrientationLandscapeLeft UIInterfaceOrientationLandscapeRight";
				LD_RUNPATH_SEARCH_PATHS = (
					"$(inherited)",
					"@executable_path/Frameworks",
				);
				MARKETING_VERSION = 1.0;
				PRODUCT_BUNDLE_IDENTIFIER = com.nicholas.HabitTracker;
				PRODUCT_NAME = "$(TARGET_NAME)";
				SWIFT_EMIT_LOC_STRINGS = YES;
				SWIFT_VERSION = 5.0;
				TARGETED_DEVICE_FAMILY = "1,2";
			};
			name = Debug;
		};
		03A2230C2DC0046F006C6D01 /* Release */ = {
			isa = XCBuildConfiguration;
			buildSettings = {
				ASSETCATALOG_COMPILER_APPICON_NAME = AppIcon;
				ASSETCATALOG_COMPILER_GLOBAL_ACCENT_COLOR_NAME = AccentColor;
				CODE_SIGN_STYLE = Automatic;
				CURRENT_PROJECT_VERSION = 1;
				DEVELOPMENT_TEAM = N693GNQH6J;
				ENABLE_PREVIEWS = YES;
				GENERATE_INFOPLIST_FILE = YES;
				INFOPLIST_KEY_UIApplicationSceneManifest_Generation = YES;
				INFOPLIST_KEY_UIApplicationSupportsIndirectInputEvents = YES;
				INFOPLIST_KEY_UILaunchScreen_Generation = YES;
				INFOPLIST_KEY_UISupportedInterfaceOrientations_iPad = "UIInterfaceOrientationPortrait UIInterfaceOrientationPortraitUpsideDown UIInterfaceOrientationLandscapeLeft UIInterfaceOrientationLandscapeRight";
				INFOPLIST_KEY_UISupportedInterfaceOrientations_iPhone = "UIInterfaceOrientationPortrait UIInterfaceOrientationLandscapeLeft UIInterfaceOrientationLandscapeRight";
				LD_RUNPATH_SEARCH_PATHS = (
					"$(inherited)",
					"@executable_path/Frameworks",
				);
				MARKETING_VERSION = 1.0;
				PRODUCT_BUNDLE_IDENTIFIER = com.nicholas.HabitTracker;
				PRODUCT_NAME = "$(TARGET_NAME)";
				SWIFT_EMIT_LOC_STRINGS = YES;
				SWIFT_VERSION = 5.0;
				TARGETED_DEVICE_FAMILY = "1,2";
			};
			name = Release;
		};
/* End XCBuildConfiguration section */

/* Begin XCConfigurationList section */
		03A222FA2DC0046E006C6D01 /* Build configuration list for PBXProject "HabitTracker" */ = {
			isa = XCConfigurationList;
			buildConfigurations = (
				03A223082DC0046F006C6D01 /* Debug */,
				03A223092DC0046F006C6D01 /* Release */,
			);
			defaultConfigurationIsVisible = 0;
			defaultConfigurationName = Release;
		};
		03A2230A2DC0046F006C6D01 /* Build configuration list for PBXNativeTarget "HabitTracker" */ = {
			isa = XCConfigurationList;
			buildConfigurations = (
				03A2230B2DC0046F006C6D01 /* Debug */,
				03A2230C2DC0046F006C6D01 /* Release */,
			);
			defaultConfigurationIsVisible = 0;
			defaultConfigurationName = Release;
		};
/* End XCConfigurationList section */
	};
	rootObject = 03A222F72DC0046E006C6D01 /* Project object */;
}
